
Microsoft Visual Studio Solution File, Format Version 11.00
# Visual Studio 2010
Project("{FAE04EC0-301F-11D3-BF4B-00C04F79EFBC}") = "ConnectDataBase", "ConnectDataBase\ConnectDataBase.csproj", "{3506089B-5525-4D7C-916B-F7DD8121F6DE}"
EndProject
Global
	GlobalSection(SolutionConfigurationPlatforms) = preSolution
		Debug|x86 = Debug|x86
		Release|x86 = Release|x86
	EndGlobalSection
	GlobalSection(ProjectConfigurationPlatforms) = postSolution
		{3506089B-5525-4D7C-916B-F7DD8121F6DE}.Debug|x86.ActiveCfg = Debug|x86
		{3506089B-5525-4D7C-916B-F7DD8121F6DE}.Debug|x86.Build.0 = Debug|x86
		{3506089B-5525-4D7C-916B-F7DD8121F6DE}.Release|x86.ActiveCfg = Release|x86
		{3506089B-5525-4D7C-916B-F7DD8121F6DE}.Release|x86.Build.0 = Release|x86
	EndGlobalSection
	GlobalSection(SolutionProperties) = preSolution
		HideSolutionNode = FALSE
	EndGlobalSection
EndGlobal
