
Microsoft Visual Studio Solution File, Format Version 11.00
# Visual Studio 2010
Project("{FAE04EC0-301F-11D3-BF4B-00C04F79EFBC}") = "烟分拣系统", "烟分拣系统\烟分拣系统.csproj", "{DB378444-BDED-4E73-85E3-FBF4A53FC769}"
EndProject
Project("{FAE04EC0-301F-11D3-BF4B-00C04F79EFBC}") = "Huike.Tag", "..\..\..\InHuike\07-常用组件测试范例\07-常用组件测试范例\上尚电子标签例子\Huike.Tag\Huike.Tag.csproj", "{04B19469-D4B3-48D0-BCE7-D867BD9C5A38}"
EndProject
Global
	GlobalSection(SolutionConfigurationPlatforms) = preSolution
		Debug|Any CPU = Debug|Any CPU
		Debug|Mixed Platforms = Debug|Mixed Platforms
		Debug|x86 = Debug|x86
		Release|Any CPU = Release|Any CPU
		Release|Mixed Platforms = Release|Mixed Platforms
		Release|x86 = Release|x86
	EndGlobalSection
	GlobalSection(ProjectConfigurationPlatforms) = postSolution
		{DB378444-BDED-4E73-85E3-FBF4A53FC769}.Debug|Any CPU.ActiveCfg = Debug|x86
		{DB378444-BDED-4E73-85E3-FBF4A53FC769}.Debug|Mixed Platforms.ActiveCfg = Debug|x86
		{DB378444-BDED-4E73-85E3-FBF4A53FC769}.Debug|Mixed Platforms.Build.0 = Debug|x86
		{DB378444-BDED-4E73-85E3-FBF4A53FC769}.Debug|x86.ActiveCfg = Debug|x86
		{DB378444-BDED-4E73-85E3-FBF4A53FC769}.Debug|x86.Build.0 = Debug|x86
		{DB378444-BDED-4E73-85E3-FBF4A53FC769}.Release|Any CPU.ActiveCfg = Release|x86
		{DB378444-BDED-4E73-85E3-FBF4A53FC769}.Release|Mixed Platforms.ActiveCfg = Release|x86
		{DB378444-BDED-4E73-85E3-FBF4A53FC769}.Release|Mixed Platforms.Build.0 = Release|x86
		{DB378444-BDED-4E73-85E3-FBF4A53FC769}.Release|x86.ActiveCfg = Release|x86
		{DB378444-BDED-4E73-85E3-FBF4A53FC769}.Release|x86.Build.0 = Release|x86
		{04B19469-D4B3-48D0-BCE7-D867BD9C5A38}.Debug|Any CPU.ActiveCfg = Debug|Any CPU
		{04B19469-D4B3-48D0-BCE7-D867BD9C5A38}.Debug|Any CPU.Build.0 = Debug|Any CPU
		{04B19469-D4B3-48D0-BCE7-D867BD9C5A38}.Debug|Mixed Platforms.ActiveCfg = Debug|Any CPU
		{04B19469-D4B3-48D0-BCE7-D867BD9C5A38}.Debug|Mixed Platforms.Build.0 = Debug|Any CPU
		{04B19469-D4B3-48D0-BCE7-D867BD9C5A38}.Debug|x86.ActiveCfg = Debug|Any CPU
		{04B19469-D4B3-48D0-BCE7-D867BD9C5A38}.Release|Any CPU.ActiveCfg = Release|Any CPU
		{04B19469-D4B3-48D0-BCE7-D867BD9C5A38}.Release|Any CPU.Build.0 = Release|Any CPU
		{04B19469-D4B3-48D0-BCE7-D867BD9C5A38}.Release|Mixed Platforms.ActiveCfg = Release|Any CPU
		{04B19469-D4B3-48D0-BCE7-D867BD9C5A38}.Release|Mixed Platforms.Build.0 = Release|Any CPU
		{04B19469-D4B3-48D0-BCE7-D867BD9C5A38}.Release|x86.ActiveCfg = Release|Any CPU
	EndGlobalSection
	GlobalSection(SolutionProperties) = preSolution
		HideSolutionNode = FALSE
	EndGlobalSection
EndGlobal
